
Microsoft Visual Studio Solution File, Format Version 12.00
# Visual Studio Version 17
VisualStudioVersion = 17.12.35728.132
MinimumVisualStudioVersion = 10.0.40219.1
Project("{FAE04EC0-301F-11D3-BF4B-00C04F79EFBC}") = "IDP", "IDP\IDP.csproj", "{D94B39D5-B9C7-4ABB-A303-9CF5732D4E4E}"
EndProject
Project("{2150E333-8FDC-42A3-9474-1A3956D46DE8}") = "Client", "Client", "{358F5413-A8B0-463E-8A84-46F14E4DC80E}"
EndProject
Project("{FAE04EC0-301F-11D3-BF4B-00C04F79EFBC}") = "TeckBackClientMVC", "TeckBackClientMVC\TeckBackClientMVC.csproj", "{A4EF4AFA-2D11-4519-B600-44C3BA0BED34}"
EndProject
Global
	GlobalSection(SolutionConfigurationPlatforms) = preSolution
		Debug|Any CPU = Debug|Any CPU
		Release|Any CPU = Release|Any CPU
	EndGlobalSection
	GlobalSection(ProjectConfigurationPlatforms) = postSolution
		{D94B39D5-B9C7-4ABB-A303-9CF5732D4E4E}.Debug|Any CPU.ActiveCfg = Debug|Any CPU
		{D94B39D5-B9C7-4ABB-A303-9CF5732D4E4E}.Debug|Any CPU.Build.0 = Debug|Any CPU
		{D94B39D5-B9C7-4ABB-A303-9CF5732D4E4E}.Release|Any CPU.ActiveCfg = Release|Any CPU
		{D94B39D5-B9C7-4ABB-A303-9CF5732D4E4E}.Release|Any CPU.Build.0 = Release|Any CPU
		{A4EF4AFA-2D11-4519-B600-44C3BA0BED34}.Debug|Any CPU.ActiveCfg = Debug|Any CPU
		{A4EF4AFA-2D11-4519-B600-44C3BA0BED34}.Debug|Any CPU.Build.0 = Debug|Any CPU
		{A4EF4AFA-2D11-4519-B600-44C3BA0BED34}.Release|Any CPU.ActiveCfg = Release|Any CPU
		{A4EF4AFA-2D11-4519-B600-44C3BA0BED34}.Release|Any CPU.Build.0 = Release|Any CPU
	EndGlobalSection
	GlobalSection(SolutionProperties) = preSolution
		HideSolutionNode = FALSE
	EndGlobalSection
	GlobalSection(NestedProjects) = preSolution
		{A4EF4AFA-2D11-4519-B600-44C3BA0BED34} = {358F5413-A8B0-463E-8A84-46F14E4DC80E}
	EndGlobalSection
EndGlobal
